// !$*UTF8*$!
{
	archiveVersion = 1;
	classes = {
	};
	objectVersion = 56;
	objects = {

/* Begin PBXBuildFile section */
		8ABC138128DE33610066E6CA /* iosweatherappApp.swift in Sources */ = {isa = PBXBuildFile; fileRef = 8ABC138028DE33610066E6CA /* iosweatherappApp.swift */; };
		8ABC138328DE33610066E6CA /* ContentView.swift in Sources */ = {isa = PBXBuildFile; fileRef = 8ABC138228DE33610066E6CA /* ContentView.swift */; };
		8ABC138528DE33620066E6CA /* Assets.xcassets in Resources */ = {isa = PBXBuildFile; fileRef = 8ABC138428DE33620066E6CA /* Assets.xcassets */; };
		8ABC138828DE33620066E6CA /* Preview Assets.xcassets in Resources */ = {isa = PBXBuildFile; fileRef = 8ABC138728DE33620066E6CA /* Preview Assets.xcassets */; };
		8ABC139228DE33620066E6CA /* iosweatherappTests.swift in Sources */ = {isa = PBXBuildFile; fileRef = 8ABC139128DE33620066E6CA /* iosweatherappTests.swift */; };
		8ABC139C28DE33620066E6CA /* iosweatherappUITests.swift in Sources */ = {isa = PBXBuildFile; fileRef = 8ABC139B28DE33620066E6CA /* iosweatherappUITests.swift */; };
		8ABC139E28DE33620066E6CA /* iosweatherappUITestsLaunchTests.swift in Sources */ = {isa = PBXBuildFile; fileRef = 8ABC139D28DE33620066E6CA /* iosweatherappUITestsLaunchTests.swift */; };
		8ACEE08A28E63DD200D41431 /* WeatherManager.swift in Sources */ = {isa = PBXBuildFile; fileRef = 8ACEE08928E63DD200D41431 /* WeatherManager.swift */; };
/* End PBXBuildFile section */

/* Begin PBXContainerItemProxy section */
		8ABC138E28DE33620066E6CA /* PBXContainerItemProxy */ = {
			isa = PBXContainerItemProxy;
			containerPortal = 8ABC137528DE33610066E6CA /* Project object */;
			proxyType = 1;
			remoteGlobalIDString = 8ABC137C28DE33610066E6CA;
			remoteInfo = iosweatherapp;
		};
		8ABC139828DE33620066E6CA /* PBXContainerItemProxy */ = {
			isa = PBXContainerItemProxy;
			containerPortal = 8ABC137528DE33610066E6CA /* Project object */;
			proxyType = 1;
			remoteGlobalIDString = 8ABC137C28DE33610066E6CA;
			remoteInfo = iosweatherapp;
		};
/* End PBXContainerItemProxy section */

/* Begin PBXFileReference section */
		8ABC137D28DE33610066E6CA /* iosweatherapp.app */ = {isa = PBXFileReference; explicitFileType = wrapper.application; includeInIndex = 0; path = iosweatherapp.app; sourceTree = BUILT_PRODUCTS_DIR; };
		8ABC138028DE33610066E6CA /* iosweatherappApp.swift */ = {isa = PBXFileReference; lastKnownFileType = sourcecode.swift; path = iosweatherappApp.swift; sourceTree = "<group>"; };
		8ABC138228DE33610066E6CA /* ContentView.swift */ = {isa = PBXFileReference; lastKnownFileType = sourcecode.swift; path = ContentView.swift; sourceTree = "<group>"; };
		8ABC138428DE33620066E6CA /* Assets.xcassets */ = {isa = PBXFileReference; lastKnownFileType = folder.assetcatalog; path = Assets.xcassets; sourceTree = "<group>"; };
		8ABC138728DE33620066E6CA /* Preview Assets.xcassets */ = {isa = PBXFileReference; lastKnownFileType = folder.assetcatalog; path = "Preview Assets.xcassets"; sourceTree = "<group>"; };
		8ABC138D28DE33620066E6CA /* iosweatherappTests.xctest */ = {isa = PBXFileReference; explicitFileType = wrapper.cfbundle; includeInIndex = 0; path = iosweatherappTests.xctest; sourceTree = BUILT_PRODUCTS_DIR; };
		8ABC139128DE33620066E6CA /* iosweatherappTests.swift */ = {isa = PBXFileReference; lastKnownFileType = sourcecode.swift; path = iosweatherappTests.swift; sourceTree = "<group>"; };
		8ABC139728DE33620066E6CA /* iosweatherappUITests.xctest */ = {isa = PBXFileReference; explicitFileType = wrapper.cfbundle; includeInIndex = 0; path = iosweatherappUITests.xctest; sourceTree = BUILT_PRODUCTS_DIR; };
		8ABC139B28DE33620066E6CA /* iosweatherappUITests.swift */ = {isa = PBXFileReference; lastKnownFileType = sourcecode.swift; path = iosweatherappUITests.swift; sourceTree = "<group>"; };
		8ABC139D28DE33620066E6CA /* iosweatherappUITestsLaunchTests.swift */ = {isa = PBXFileReference; lastKnownFileType = sourcecode.swift; path = iosweatherappUITestsLaunchTests.swift; sourceTree = "<group>"; };
		8ACEE08928E63DD200D41431 /* WeatherManager.swift */ = {isa = PBXFileReference; lastKnownFileType = sourcecode.swift; path = WeatherManager.swift; sourceTree = "<group>"; };
/* End PBXFileReference section */

/* Begin PBXFrameworksBuildPhase section */
		8ABC137A28DE33610066E6CA /* Frameworks */ = {
			isa = PBXFrameworksBuildPhase;
			buildActionMask = 2147483647;
			files = (
			);
			runOnlyForDeploymentPostprocessing = 0;
		};
		8ABC138A28DE33620066E6CA /* Frameworks */ = {
			isa = PBXFrameworksBuildPhase;
			buildActionMask = 2147483647;
			files = (
			);
			runOnlyForDeploymentPostprocessing = 0;
		};
		8ABC139428DE33620066E6CA /* Frameworks */ = {
			isa = PBXFrameworksBuildPhase;
			buildActionMask = 2147483647;
			files = (
			);
			runOnlyForDeploymentPostprocessing = 0;
		};
/* End PBXFrameworksBuildPhase section */

/* Begin PBXGroup section */
		8ABC137428DE33610066E6CA = {
			isa = PBXGroup;
			children = (
				8ABC137F28DE33610066E6CA /* iosweatherapp */,
				8ABC139028DE33620066E6CA /* iosweatherappTests */,
				8ABC139A28DE33620066E6CA /* iosweatherappUITests */,
				8ABC137E28DE33610066E6CA /* Products */,
			);
			sourceTree = "<group>";
		};
		8ABC137E28DE33610066E6CA /* Products */ = {
			isa = PBXGroup;
			children = (
				8ABC137D28DE33610066E6CA /* iosweatherapp.app */,
				8ABC138D28DE33620066E6CA /* iosweatherappTests.xctest */,
				8ABC139728DE33620066E6CA /* iosweatherappUITests.xctest */,
			);
			name = Products;
			sourceTree = "<group>";
		};
		8ABC137F28DE33610066E6CA /* iosweatherapp */ = {
			isa = PBXGroup;
			children = (
				8ABC138028DE33610066E6CA /* iosweatherappApp.swift */,
				8ABC138228DE33610066E6CA /* ContentView.swift */,
				8ABC138428DE33620066E6CA /* Assets.xcassets */,
				8ABC138628DE33620066E6CA /* Preview Content */,
			);
			path = iosweatherapp;
			sourceTree = "<group>";
		};
		8ABC138628DE33620066E6CA /* Preview Content */ = {
			isa = PBXGroup;
			children = (
				8ABC138728DE33620066E6CA /* Preview Assets.xcassets */,
			);
			path = "Preview Content";
			sourceTree = "<group>";
		};
		8ABC139028DE33620066E6CA /* iosweatherappTests */ = {
			isa = PBXGroup;
			children = (
				8ABC139128DE33620066E6CA /* iosweatherappTests.swift */,
				8ACEE08928E63DD200D41431 /* WeatherManager.swift */,
			);
			path = iosweatherappTests;
			sourceTree = "<group>";
		};
		8ABC139A28DE33620066E6CA /* iosweatherappUITests */ = {
			isa = PBXGroup;
			children = (
				8ABC139B28DE33620066E6CA /* iosweatherappUITests.swift */,
				8ABC139D28DE33620066E6CA /* iosweatherappUITestsLaunchTests.swift */,
			);
			path = iosweatherappUITests;
			sourceTree = "<group>";
		};
/* End PBXGroup section */

/* Begin PBXNativeTarget section */
		8ABC137C28DE33610066E6CA /* iosweatherapp */ = {
			isa = PBXNativeTarget;
			buildConfigurationList = 8ABC13A128DE33620066E6CA /* Build configuration list for PBXNativeTarget "iosweatherapp" */;
			buildPhases = (
				8ABC137928DE33610066E6CA /* Sources */,
				8ABC137A28DE33610066E6CA /* Frameworks */,
				8ABC137B28DE33610066E6CA /* Resources */,
			);
			buildRules = (
			);
			dependencies = (
			);
			name = iosweatherapp;
			productName = iosweatherapp;
			productReference = 8ABC137D28DE33610066E6CA /* iosweatherapp.app */;
			productType = "com.apple.product-type.application";
		};
		8ABC138C28DE33620066E6CA /* iosweatherappTests */ = {
			isa = PBXNativeTarget;
			buildConfigurationList = 8ABC13A428DE33620066E6CA /* Build configuration list for PBXNativeTarget "iosweatherappTests" */;
			buildPhases = (
				8ABC138928DE33620066E6CA /* Sources */,
				8ABC138A28DE33620066E6CA /* Frameworks */,
				8ABC138B28DE33620066E6CA /* Resources */,
			);
			buildRules = (
			);
			dependencies = (
				8ABC138F28DE33620066E6CA /* PBXTargetDependency */,
			);
			name = iosweatherappTests;
			productName = iosweatherappTests;
			productReference = 8ABC138D28DE33620066E6CA /* iosweatherappTests.xctest */;
			productType = "com.apple.product-type.bundle.unit-test";
		};
		8ABC139628DE33620066E6CA /* iosweatherappUITests */ = {
			isa = PBXNativeTarget;
			buildConfigurationList = 8ABC13A728DE33620066E6CA /* Build configuration list for PBXNativeTarget "iosweatherappUITests" */;
			buildPhases = (
				8ABC139328DE33620066E6CA /* Sources */,
				8ABC139428DE33620066E6CA /* Frameworks */,
				8ABC139528DE33620066E6CA /* Resources */,
			);
			buildRules = (
			);
			dependencies = (
				8ABC139928DE33620066E6CA /* PBXTargetDependency */,
			);
			name = iosweatherappUITests;
			productName = iosweatherappUITests;
			productReference = 8ABC139728DE33620066E6CA /* iosweatherappUITests.xctest */;
			productType = "com.apple.product-type.bundle.ui-testing";
		};
/* End PBXNativeTarget section */

/* Begin PBXProject section */
		8ABC137528DE33610066E6CA /* Project object */ = {
			isa = PBXProject;
			attributes = {
				BuildIndependentTargetsInParallel = 1;
				LastSwiftUpdateCheck = 1400;
				LastUpgradeCheck = 1400;
				TargetAttributes = {
					8ABC137C28DE33610066E6CA = {
						CreatedOnToolsVersion = 14.0;
					};
					8ABC138C28DE33620066E6CA = {
						CreatedOnToolsVersion = 14.0;
						TestTargetID = 8ABC137C28DE33610066E6CA;
					};
					8ABC139628DE33620066E6CA = {
						CreatedOnToolsVersion = 14.0;
						TestTargetID = 8ABC137C28DE33610066E6CA;
					};
				};
			};
			buildConfigurationList = 8ABC137828DE33610066E6CA /* Build configuration list for PBXProject "iosweatherapp" */;
			compatibilityVersion = "Xcode 14.0";
			developmentRegion = en;
			hasScannedForEncodings = 0;
			knownRegions = (
				en,
				Base,
			);
			mainGroup = 8ABC137428DE33610066E6CA;
			productRefGroup = 8ABC137E28DE33610066E6CA /* Products */;
			projectDirPath = "";
			projectRoot = "";
			targets = (
				8ABC137C28DE33610066E6CA /* iosweatherapp */,
				8ABC138C28DE33620066E6CA /* iosweatherappTests */,
				8ABC139628DE33620066E6CA /* iosweatherappUITests */,
			);
		};
/* End PBXProject section */

/* Begin PBXResourcesBuildPhase section */
		8ABC137B28DE33610066E6CA /* Resources */ = {
			isa = PBXResourcesBuildPhase;
			buildActionMask = 2147483647;
			files = (
				8ABC138828DE33620066E6CA /* Preview Assets.xcassets in Resources */,
				8ABC138528DE33620066E6CA /* Assets.xcassets in Resources */,
			);
			runOnlyForDeploymentPostprocessing = 0;
		};
		8ABC138B28DE33620066E6CA /* Resources */ = {
			isa = PBXResourcesBuildPhase;
			buildActionMask = 2147483647;
			files = (
			);
			runOnlyForDeploymentPostprocessing = 0;
		};
		8ABC139528DE33620066E6CA /* Resources */ = {
			isa = PBXResourcesBuildPhase;
			buildActionMask = 2147483647;
			files = (
			);
			runOnlyForDeploymentPostprocessing = 0;
		};
/* End PBXResourcesBuildPhase section */

/* Begin PBXSourcesBuildPhase section */
		8ABC137928DE33610066E6CA /* Sources */ = {
			isa = PBXSourcesBuildPhase;
			buildActionMask = 2147483647;
			files = (
				8ABC138328DE33610066E6CA /* ContentView.swift in Sources */,
				8ABC138128DE33610066E6CA /* iosweatherappApp.swift in Sources */,
			);
			runOnlyForDeploymentPostprocessing = 0;
		};
		8ABC138928DE33620066E6CA /* Sources */ = {
			isa = PBXSourcesBuildPhase;
			buildActionMask = 2147483647;
			files = (
				8ACEE08A28E63DD200D41431 /* WeatherManager.swift in Sources */,
				8ABC139228DE33620066E6CA /* iosweatherappTests.swift in Sources */,
			);
			runOnlyForDeploymentPostprocessing = 0;
		};
		8ABC139328DE33620066E6CA /* Sources */ = {
			isa = PBXSourcesBuildPhase;
			buildActionMask = 2147483647;
			files = (
				8ABC139C28DE33620066E6CA /* iosweatherappUITests.swift in Sources */,
				8ABC139E28DE33620066E6CA /* iosweatherappUITestsLaunchTests.swift in Sources */,
			);
			runOnlyForDeploymentPostprocessing = 0;
		};
/* End PBXSourcesBuildPhase section */

/* Begin PBXTargetDependency section */
		8ABC138F28DE33620066E6CA /* PBXTargetDependency */ = {
			isa = PBXTargetDependency;
			target = 8ABC137C28DE33610066E6CA /* iosweatherapp */;
			targetProxy = 8ABC138E28DE33620066E6CA /* PBXContainerItemProxy */;
		};
		8ABC139928DE33620066E6CA /* PBXTargetDependency */ = {
			isa = PBXTargetDependency;
			target = 8ABC137C28DE33610066E6CA /* iosweatherapp */;
			targetProxy = 8ABC139828DE33620066E6CA /* PBXContainerItemProxy */;
		};
/* End PBXTargetDependency section */

/* Begin XCBuildConfiguration section */
		8ABC139F28DE33620066E6CA /* Debug */ = {
			isa = XCBuildConfiguration;
			buildSettings = {
				ALWAYS_SEARCH_USER_PATHS = NO;
				CLANG_ANALYZER_NONNULL = YES;
				CLANG_ANALYZER_NUMBER_OBJECT_CONVERSION = YES_AGGRESSIVE;
				CLANG_CXX_LANGUAGE_STANDARD = "gnu++20";
				CLANG_ENABLE_MODULES = YES;
				CLANG_ENABLE_OBJC_ARC = YES;
				CLANG_ENABLE_OBJC_WEAK = YES;
				CLANG_WARN_BLOCK_CAPTURE_AUTORELEASING = YES;
				CLANG_WARN_BOOL_CONVERSION = YES;
				CLANG_WARN_COMMA = YES;
				CLANG_WARN_CONSTANT_CONVERSION = YES;
				CLANG_WARN_DEPRECATED_OBJC_IMPLEMENTATIONS = YES;
				CLANG_WARN_DIRECT_OBJC_ISA_USAGE = YES_ERROR;
				CLANG_WARN_DOCUMENTATION_COMMENTS = YES;
				CLANG_WARN_EMPTY_BODY = YES;
				CLANG_WARN_ENUM_CONVERSION = YES;
				CLANG_WARN_INFINITE_RECURSION = YES;
				CLANG_WARN_INT_CONVERSION = YES;
				CLANG_WARN_NON_LITERAL_NULL_CONVERSION = YES;
				CLANG_WARN_OBJC_IMPLICIT_RETAIN_SELF = YES;
				CLANG_WARN_OBJC_LITERAL_CONVERSION = YES;
				CLANG_WARN_OBJC_ROOT_CLASS = YES_ERROR;
				CLANG_WARN_QUOTED_INCLUDE_IN_FRAMEWORK_HEADER = YES;
				CLANG_WARN_RANGE_LOOP_ANALYSIS = YES;
				CLANG_WARN_STRICT_PROTOTYPES = YES;
				CLANG_WARN_SUSPICIOUS_MOVE = YES;
				CLANG_WARN_UNGUARDED_AVAILABILITY = YES_AGGRESSIVE;
				CLANG_WARN_UNREACHABLE_CODE = YES;
				CLANG_WARN__DUPLICATE_METHOD_MATCH = YES;
				COPY_PHASE_STRIP = NO;
				DEBUG_INFORMATION_FORMAT = dwarf;
				ENABLE_STRICT_OBJC_MSGSEND = YES;
				ENABLE_TESTABILITY = YES;
				GCC_C_LANGUAGE_STANDARD = gnu11;
				GCC_DYNAMIC_NO_PIC = NO;
				GCC_NO_COMMON_BLOCKS = YES;
				GCC_OPTIMIZATION_LEVEL = 0;
				GCC_PREPROCESSOR_DEFINITIONS = (
					"DEBUG=1",
					"$(inherited)",
				);
				GCC_WARN_64_TO_32_BIT_CONVERSION = YES;
				GCC_WARN_ABOUT_RETURN_TYPE = YES_ERROR;
				GCC_WARN_UNDECLARED_SELECTOR = YES;
				GCC_WARN_UNINITIALIZED_AUTOS = YES_AGGRESSIVE;
				GCC_WARN_UNUSED_FUNCTION = YES;
				GCC_WARN_UNUSED_VARIABLE = YES;
				IPHONEOS_DEPLOYMENT_TARGET = 16.0;
				MTL_ENABLE_DEBUG_INFO = INCLUDE_SOURCE;
				MTL_FAST_MATH = YES;
				ONLY_ACTIVE_ARCH = YES;
				SDKROOT = iphoneos;
				SWIFT_ACTIVE_COMPILATION_CONDITIONS = DEBUG;
				SWIFT_OPTIMIZATION_LEVEL = "-Onone";
			};
			name = Debug;
		};
		8ABC13A028DE33620066E6CA /* Release */ = {
			isa = XCBuildConfiguration;
			buildSettings = {
				ALWAYS_SEARCH_USER_PATHS = NO;
				CLANG_ANALYZER_NONNULL = YES;
				CLANG_ANALYZER_NUMBER_OBJECT_CONVERSION = YES_AGGRESSIVE;
				CLANG_CXX_LANGUAGE_STANDARD = "gnu++20";
				CLANG_ENABLE_MODULES = YES;
				CLANG_ENABLE_OBJC_ARC = YES;
				CLANG_ENABLE_OBJC_WEAK = YES;
				CLANG_WARN_BLOCK_CAPTURE_AUTORELEASING = YES;
				CLANG_WARN_BOOL_CONVERSION = YES;
				CLANG_WARN_COMMA = YES;
				CLANG_WARN_CONSTANT_CONVERSION = YES;
				CLANG_WARN_DEPRECATED_OBJC_IMPLEMENTATIONS = YES;
				CLANG_WARN_DIRECT_OBJC_ISA_USAGE = YES_ERROR;
				CLANG_WARN_DOCUMENTATION_COMMENTS = YES;
				CLANG_WARN_EMPTY_BODY = YES;
				CLANG_WARN_ENUM_CONVERSION = YES;
				CLANG_WARN_INFINITE_RECURSION = YES;
				CLANG_WARN_INT_CONVERSION = YES;
				CLANG_WARN_NON_LITERAL_NULL_CONVERSION = YES;
				CLANG_WARN_OBJC_IMPLICIT_RETAIN_SELF = YES;
				CLANG_WARN_OBJC_LITERAL_CONVERSION = YES;
				CLANG_WARN_OBJC_ROOT_CLASS = YES_ERROR;
				CLANG_WARN_QUOTED_INCLUDE_IN_FRAMEWORK_HEADER = YES;
				CLANG_WARN_RANGE_LOOP_ANALYSIS = YES;
				CLANG_WARN_STRICT_PROTOTYPES = YES;
				CLANG_WARN_SUSPICIOUS_MOVE = YES;
				CLANG_WARN_UNGUARDED_AVAILABILITY = YES_AGGRESSIVE;
				CLANG_WARN_UNREACHABLE_CODE = YES;
				CLANG_WARN__DUPLICATE_METHOD_MATCH = YES;
				COPY_PHASE_STRIP = NO;
				DEBUG_INFORMATION_FORMAT = "dwarf-with-dsym";
				ENABLE_NS_ASSERTIONS = NO;
				ENABLE_STRICT_OBJC_MSGSEND = YES;
				GCC_C_LANGUAGE_STANDARD = gnu11;
				GCC_NO_COMMON_BLOCKS = YES;
				GCC_WARN_64_TO_32_BIT_CONVERSION = YES;
				GCC_WARN_ABOUT_RETURN_TYPE = YES_ERROR;
				GCC_WARN_UNDECLARED_SELECTOR = YES;
				GCC_WARN_UNINITIALIZED_AUTOS = YES_AGGRESSIVE;
				GCC_WARN_UNUSED_FUNCTION = YES;
				GCC_WARN_UNUSED_VARIABLE = YES;
				IPHONEOS_DEPLOYMENT_TARGET = 16.0;
				MTL_ENABLE_DEBUG_INFO = NO;
				MTL_FAST_MATH = YES;
				SDKROOT = iphoneos;
				SWIFT_COMPILATION_MODE = wholemodule;
				SWIFT_OPTIMIZATION_LEVEL = "-O";
				VALIDATE_PRODUCT = YES;
			};
			name = Release;
		};
		8ABC13A228DE33620066E6CA /* Debug */ = {
			isa = XCBuildConfiguration;
			buildSettings = {
				ASSETCATALOG_COMPILER_APPICON_NAME = AppIcon;
				ASSETCATALOG_COMPILER_GLOBAL_ACCENT_COLOR_NAME = AccentColor;
				CODE_SIGN_STYLE = Automatic;
				CURRENT_PROJECT_VERSION = 1;
				DEVELOPMENT_ASSET_PATHS = "\"iosweatherapp/Preview Content\"";
				ENABLE_PREVIEWS = YES;
				GENERATE_INFOPLIST_FILE = YES;
				INFOPLIST_KEY_UIApplicationSceneManifest_Generation = YES;
				INFOPLIST_KEY_UIApplicationSupportsIndirectInputEvents = YES;
				INFOPLIST_KEY_UILaunchScreen_Generation = YES;
				INFOPLIST_KEY_UISupportedInterfaceOrientations_iPad = "UIInterfaceOrientationPortrait UIInterfaceOrientationPortraitUpsideDown UIInterfaceOrientationLandscapeLeft UIInterfaceOrientationLandscapeRight";
				INFOPLIST_KEY_UISupportedInterfaceOrientations_iPhone = "UIInterfaceOrientationPortrait UIInterfaceOrientationLandscapeLeft UIInterfaceOrientationLandscapeRight";
				IPHONEOS_DEPLOYMENT_TARGET = 15.6;
				LD_RUNPATH_SEARCH_PATHS = (
					"$(inherited)",
					"@executable_path/Frameworks",
				);
				MARKETING_VERSION = 1.0;
				PRODUCT_BUNDLE_IDENTIFIER = "Akbar-Abayev.iosweatherapp";
				PRODUCT_NAME = "$(TARGET_NAME)";
				SWIFT_EMIT_LOC_STRINGS = YES;
				SWIFT_VERSION = 5.0;
				TARGETED_DEVICE_FAMILY = "1,2";
			};
			name = Debug;
		};
		8ABC13A328DE33620066E6CA /* Release */ = {
			isa = XCBuildConfiguration;
			buildSettings = {
				ASSETCATALOG_COMPILER_APPICON_NAME = AppIcon;
				ASSETCATALOG_COMPILER_GLOBAL_ACCENT_COLOR_NAME = AccentColor;
				CODE_SIGN_STYLE = Automatic;
				CURRENT_PROJECT_VERSION = 1;
				DEVELOPMENT_ASSET_PATHS = "\"iosweatherapp/Preview Content\"";
				ENABLE_PREVIEWS = YES;
				GENERATE_INFOPLIST_FILE = YES;
				INFOPLIST_KEY_UIApplicationSceneManifest_Generation = YES;
				INFOPLIST_KEY_UIApplicationSupportsIndirectInputEvents = YES;
				INFOPLIST_KEY_UILaunchScreen_Generation = YES;
				INFOPLIST_KEY_UISupportedInterfaceOrientations_iPad = "UIInterfaceOrientationPortrait UIInterfaceOrientationPortraitUpsideDown UIInterfaceOrientationLandscapeLeft UIInterfaceOrientationLandscapeRight";
				INFOPLIST_KEY_UISupportedInterfaceOrientations_iPhone = "UIInterfaceOrientationPortrait UIInterfaceOrientationLandscapeLeft UIInterfaceOrientationLandscapeRight";
				IPHONEOS_DEPLOYMENT_TARGET = 15.6;
				LD_RUNPATH_SEARCH_PATHS = (
					"$(inherited)",
					"@executable_path/Frameworks",
				);
				MARKETING_VERSION = 1.0;
				PRODUCT_BUNDLE_IDENTIFIER = "Akbar-Abayev.iosweatherapp";
				PRODUCT_NAME = "$(TARGET_NAME)";
				SWIFT_EMIT_LOC_STRINGS = YES;
				SWIFT_VERSION = 5.0;
				TARGETED_DEVICE_FAMILY = "1,2";
			};
			name = Release;
		};
		8ABC13A528DE33620066E6CA /* Debug */ = {
			isa = XCBuildConfiguration;
			buildSettings = {
				ALWAYS_EMBED_SWIFT_STANDARD_LIBRARIES = YES;
				BUNDLE_LOADER = "$(TEST_HOST)";
				CODE_SIGN_STYLE = Automatic;
				CURRENT_PROJECT_VERSION = 1;
				GENERATE_INFOPLIST_FILE = YES;
				IPHONEOS_DEPLOYMENT_TARGET = 16.0;
				MARKETING_VERSION = 1.0;
				PRODUCT_BUNDLE_IDENTIFIER = "Akbar-Abayev.iosweatherappTests";
				PRODUCT_NAME = "$(TARGET_NAME)";
				SWIFT_EMIT_LOC_STRINGS = NO;
				SWIFT_VERSION = 5.0;
				TARGETED_DEVICE_FAMILY = "1,2";
				TEST_HOST = "$(BUILT_PRODUCTS_DIR)/iosweatherapp.app/$(BUNDLE_EXECUTABLE_FOLDER_PATH)/iosweatherapp";
			};
			name = Debug;
		};
		8ABC13A628DE33620066E6CA /* Release */ = {
			isa = XCBuildConfiguration;
			buildSettings = {
				ALWAYS_EMBED_SWIFT_STANDARD_LIBRARIES = YES;
				BUNDLE_LOADER = "$(TEST_HOST)";
				CODE_SIGN_STYLE = Automatic;
				CURRENT_PROJECT_VERSION = 1;
				GENERATE_INFOPLIST_FILE = YES;
				IPHONEOS_DEPLOYMENT_TARGET = 16.0;
				MARKETING_VERSION = 1.0;
				PRODUCT_BUNDLE_IDENTIFIER = "Akbar-Abayev.iosweatherappTests";
				PRODUCT_NAME = "$(TARGET_NAME)";
				SWIFT_EMIT_LOC_STRINGS = NO;
				SWIFT_VERSION = 5.0;
				TARGETED_DEVICE_FAMILY = "1,2";
				TEST_HOST = "$(BUILT_PRODUCTS_DIR)/iosweatherapp.app/$(BUNDLE_EXECUTABLE_FOLDER_PATH)/iosweatherapp";
			};
			name = Release;
		};
		8ABC13A828DE33620066E6CA /* Debug */ = {
			isa = XCBuildConfiguration;
			buildSettings = {
				ALWAYS_EMBED_SWIFT_STANDARD_LIBRARIES = YES;
				CODE_SIGN_STYLE = Automatic;
				CURRENT_PROJECT_VERSION = 1;
				GENERATE_INFOPLIST_FILE = YES;
				MARKETING_VERSION = 1.0;
				PRODUCT_BUNDLE_IDENTIFIER = "Akbar-Abayev.iosweatherappUITests";
				PRODUCT_NAME = "$(TARGET_NAME)";
				SWIFT_EMIT_LOC_STRINGS = NO;
				SWIFT_VERSION = 5.0;
				TARGETED_DEVICE_FAMILY = "1,2";
				TEST_TARGET_NAME = iosweatherapp;
			};
			name = Debug;
		};
		8ABC13A928DE33620066E6CA /* Release */ = {
			isa = XCBuildConfiguration;
			buildSettings = {
				ALWAYS_EMBED_SWIFT_STANDARD_LIBRARIES = YES;
				CODE_SIGN_STYLE = Automatic;
				CURRENT_PROJECT_VERSION = 1;
				GENERATE_INFOPLIST_FILE = YES;
				MARKETING_VERSION = 1.0;
				PRODUCT_BUNDLE_IDENTIFIER = "Akbar-Abayev.iosweatherappUITests";
				PRODUCT_NAME = "$(TARGET_NAME)";
				SWIFT_EMIT_LOC_STRINGS = NO;
				SWIFT_VERSION = 5.0;
				TARGETED_DEVICE_FAMILY = "1,2";
				TEST_TARGET_NAME = iosweatherapp;
			};
			name = Release;
		};
/* End XCBuildConfiguration section */

/* Begin XCConfigurationList section */
		8ABC137828DE33610066E6CA /* Build configuration list for PBXProject "iosweatherapp" */ = {
			isa = XCConfigurationList;
			buildConfigurations = (
				8ABC139F28DE33620066E6CA /* Debug */,
				8ABC13A028DE33620066E6CA /* Release */,
			);
			defaultConfigurationIsVisible = 0;
			defaultConfigurationName = Release;
		};
		8ABC13A128DE33620066E6CA /* Build configuration list for PBXNativeTarget "iosweatherapp" */ = {
			isa = XCConfigurationList;
			buildConfigurations = (
				8ABC13A228DE33620066E6CA /* Debug */,
				8ABC13A328DE33620066E6CA /* Release */,
			);
			defaultConfigurationIsVisible = 0;
			defaultConfigurationName = Release;
		};
		8ABC13A428DE33620066E6CA /* Build configuration list for PBXNativeTarget "iosweatherappTests" */ = {
			isa = XCConfigurationList;
			buildConfigurations = (
				8ABC13A528DE33620066E6CA /* Debug */,
				8ABC13A628DE33620066E6CA /* Release */,
			);
			defaultConfigurationIsVisible = 0;
			defaultConfigurationName = Release;
		};
		8ABC13A728DE33620066E6CA /* Build configuration list for PBXNativeTarget "iosweatherappUITests" */ = {
			isa = XCConfigurationList;
			buildConfigurations = (
				8ABC13A828DE33620066E6CA /* Debug */,
				8ABC13A928DE33620066E6CA /* Release */,
			);
			defaultConfigurationIsVisible = 0;
			defaultConfigurationName = Release;
		};
/* End XCConfigurationList section */
	};
	rootObject = 8ABC137528DE33610066E6CA /* Project object */;
}
